
Microsoft Visual Studio Solution File, Format Version 12.00
# Visual Studio Version 16
VisualStudioVersion = 16.0.30517.126
MinimumVisualStudioVersion = 10.0.40219.1
Project("{9A19103F-16F7-4668-BE54-9A1E7A4F7556}") = "YOTY.Service", "yoty\YOTY.Service.csproj", "{4DC67842-BC6B-4EBF-A8D3-BAB12D55D11A}"
EndProject
Project("{9A19103F-16F7-4668-BE54-9A1E7A4F7556}") = "UniBuy.Service", "UniBuy.Service\UniBuy.Service.csproj", "{640F6E0C-1C96-4308-9149-206EA5195814}"
EndProject
Global
	GlobalSection(SolutionConfigurationPlatforms) = preSolution
		Debug|Any CPU = Debug|Any CPU
		Release|Any CPU = Release|Any CPU
	EndGlobalSection
	GlobalSection(ProjectConfigurationPlatforms) = postSolution
		{4DC67842-BC6B-4EBF-A8D3-BAB12D55D11A}.Debug|Any CPU.ActiveCfg = Debug|Any CPU
		{4DC67842-BC6B-4EBF-A8D3-BAB12D55D11A}.Debug|Any CPU.Build.0 = Debug|Any CPU
		{4DC67842-BC6B-4EBF-A8D3-BAB12D55D11A}.Release|Any CPU.ActiveCfg = Release|Any CPU
		{4DC67842-BC6B-4EBF-A8D3-BAB12D55D11A}.Release|Any CPU.Build.0 = Release|Any CPU
		{640F6E0C-1C96-4308-9149-206EA5195814}.Debug|Any CPU.ActiveCfg = Debug|Any CPU
		{640F6E0C-1C96-4308-9149-206EA5195814}.Debug|Any CPU.Build.0 = Debug|Any CPU
		{640F6E0C-1C96-4308-9149-206EA5195814}.Release|Any CPU.ActiveCfg = Release|Any CPU
		{640F6E0C-1C96-4308-9149-206EA5195814}.Release|Any CPU.Build.0 = Release|Any CPU
	EndGlobalSection
	GlobalSection(SolutionProperties) = preSolution
		HideSolutionNode = FALSE
	EndGlobalSection
	GlobalSection(ExtensibilityGlobals) = postSolution
		SolutionGuid = {57714441-82E6-4C90-9BB8-40386A6A5068}
	EndGlobalSection
EndGlobal
